
Microsoft Visual Studio Solution File, Format Version 12.00
# Visual Studio 15
VisualStudioVersion = 15.0.27004.2009
MinimumVisualStudioVersion = 10.0.40219.1
Project("{FAE04EC0-301F-11D3-BF4B-00C04F79EFBC}") = "Exchange", "Exchange\Exchange.csproj", "{A5FDC0E2-E232-4CE2-B899-7BD1DB429650}"
EndProject
Project("{FAE04EC0-301F-11D3-BF4B-00C04F79EFBC}") = "ExchangeTest", "ExchangeTest\ExchangeTest.csproj", "{0D447953-3BB6-4A69-ABD8-0343007E5E23}"
EndProject
Project("{2150E333-8FDC-42A3-9474-1A3956D46DE8}") = "Solution Items", "Solution Items", "{B29A8A02-8AF8-4A39-9FC0-DA0F6799A860}"
	ProjectSection(SolutionItems) = preProject
		Build Instructions for FX Exchange Project.docx = Build Instructions for FX Exchange Project.docx
	EndProjectSection
EndProject
Global
	GlobalSection(SolutionConfigurationPlatforms) = preSolution
		Debug|Any CPU = Debug|Any CPU
		Release|Any CPU = Release|Any CPU
	EndGlobalSection
	GlobalSection(ProjectConfigurationPlatforms) = postSolution
		{A5FDC0E2-E232-4CE2-B899-7BD1DB429650}.Debug|Any CPU.ActiveCfg = Debug|Any CPU
		{A5FDC0E2-E232-4CE2-B899-7BD1DB429650}.Debug|Any CPU.Build.0 = Debug|Any CPU
		{A5FDC0E2-E232-4CE2-B899-7BD1DB429650}.Release|Any CPU.ActiveCfg = Release|Any CPU
		{A5FDC0E2-E232-4CE2-B899-7BD1DB429650}.Release|Any CPU.Build.0 = Release|Any CPU
		{0D447953-3BB6-4A69-ABD8-0343007E5E23}.Debug|Any CPU.ActiveCfg = Debug|Any CPU
		{0D447953-3BB6-4A69-ABD8-0343007E5E23}.Debug|Any CPU.Build.0 = Debug|Any CPU
		{0D447953-3BB6-4A69-ABD8-0343007E5E23}.Release|Any CPU.ActiveCfg = Release|Any CPU
		{0D447953-3BB6-4A69-ABD8-0343007E5E23}.Release|Any CPU.Build.0 = Release|Any CPU
	EndGlobalSection
	GlobalSection(SolutionProperties) = preSolution
		HideSolutionNode = FALSE
	EndGlobalSection
	GlobalSection(ExtensibilityGlobals) = postSolution
		SolutionGuid = {A8ACCD05-BAE8-4E56-B046-6B8AF8724987}
	EndGlobalSection
EndGlobal
